
Microsoft Visual Studio Solution File, Format Version 12.00
# Visual Studio Version 16
VisualStudioVersion = 16.0.31613.86
MinimumVisualStudioVersion = 10.0.40219.1
Project("{FAE04EC0-301F-11D3-BF4B-00C04F79EFBC}") = "MVVMWPF", "MVVMWPF.csproj", "{E4993B49-DCB0-46D0-9466-3195416A4843}"
EndProject
Global
	GlobalSection(SolutionConfigurationPlatforms) = preSolution
		Debug|Any CPU = Debug|Any CPU
		Release|Any CPU = Release|Any CPU
	EndGlobalSection
	GlobalSection(ProjectConfigurationPlatforms) = postSolution
		{E4993B49-DCB0-46D0-9466-3195416A4843}.Debug|Any CPU.ActiveCfg = Debug|Any CPU
		{E4993B49-DCB0-46D0-9466-3195416A4843}.Debug|Any CPU.Build.0 = Debug|Any CPU
		{E4993B49-DCB0-46D0-9466-3195416A4843}.Release|Any CPU.ActiveCfg = Release|Any CPU
		{E4993B49-DCB0-46D0-9466-3195416A4843}.Release|Any CPU.Build.0 = Release|Any CPU
	EndGlobalSection
	GlobalSection(SolutionProperties) = preSolution
		HideSolutionNode = FALSE
	EndGlobalSection
	GlobalSection(ExtensibilityGlobals) = postSolution
		SolutionGuid = {0D25558B-6087-4DF6-AF34-010C63374661}
	EndGlobalSection
EndGlobal
